
Microsoft Visual Studio Solution File, Format Version 12.00
# Visual Studio Version 16
VisualStudioVersion = 16.0.32228.343
MinimumVisualStudioVersion = 10.0.40219.1
Project("{FAE04EC0-301F-11D3-BF4B-00C04F79EFBC}") = "8aprel", "8aprel\8aprel.csproj", "{07596ED6-DA85-4CF2-B945-AD3DA9252495}"
EndProject
Project("{FAE04EC0-301F-11D3-BF4B-00C04F79EFBC}") = "ClassLibrary", "ClassLibrary\ClassLibrary.csproj", "{10E2DE34-3628-4451-9F10-DF428D1401C2}"
EndProject
Global
	GlobalSection(SolutionConfigurationPlatforms) = preSolution
		Debug|Any CPU = Debug|Any CPU
		Release|Any CPU = Release|Any CPU
	EndGlobalSection
	GlobalSection(ProjectConfigurationPlatforms) = postSolution
		{07596ED6-DA85-4CF2-B945-AD3DA9252495}.Debug|Any CPU.ActiveCfg = Debug|Any CPU
		{07596ED6-DA85-4CF2-B945-AD3DA9252495}.Debug|Any CPU.Build.0 = Debug|Any CPU
		{07596ED6-DA85-4CF2-B945-AD3DA9252495}.Release|Any CPU.ActiveCfg = Release|Any CPU
		{07596ED6-DA85-4CF2-B945-AD3DA9252495}.Release|Any CPU.Build.0 = Release|Any CPU
		{10E2DE34-3628-4451-9F10-DF428D1401C2}.Debug|Any CPU.ActiveCfg = Debug|Any CPU
		{10E2DE34-3628-4451-9F10-DF428D1401C2}.Debug|Any CPU.Build.0 = Debug|Any CPU
		{10E2DE34-3628-4451-9F10-DF428D1401C2}.Release|Any CPU.ActiveCfg = Release|Any CPU
		{10E2DE34-3628-4451-9F10-DF428D1401C2}.Release|Any CPU.Build.0 = Release|Any CPU
	EndGlobalSection
	GlobalSection(SolutionProperties) = preSolution
		HideSolutionNode = FALSE
	EndGlobalSection
	GlobalSection(ExtensibilityGlobals) = postSolution
		SolutionGuid = {C70D69D8-B4FA-43CE-9119-455A49B69CA8}
	EndGlobalSection
EndGlobal
